# This file is automatically @generated by Poetry 2.2.1 and should not be changed by hand.

[[package]]
name = "heatshrink2"
version = "0.14.0"
description = "Python bindings to the heatshrink library"
optional = false
python-versions = "*"
groups = ["main"]
files = [
    {file = "heatshrink2-0.14.0-cp310-cp310-macosx_10_9_x86_64.whl", hash = "sha256:bec4da902b6a0ab8a4d70c6b44742c702e80d274d59fb0f1b82b39267f24cf64"},
    {file = "heatshrink2-0.14.0-cp310-cp310-macosx_11_0_arm64.whl", hash = "sha256:97238f3ab0f16c4729abe2451637a356ab953224705e30a5acfca6db8e9825f6"},
    {file = "heatshrink2-0.14.0-cp310-cp310-manylinux2014_aarch64.manylinux_2_17_aarch64.manylinux_2_28_aarch64.whl", hash = "sha256:e59d43d2e4935b43baa365246f1091000c1a0e723f3c519b762e5f75c1db20c6"},
    {file = "heatshrink2-0.14.0-cp310-cp310-manylinux2014_armv7l.manylinux_2_17_armv7l.manylinux_2_31_armv7l.whl", hash = "sha256:2bc1ba34a8dac8c552cd56bf22a8b0f07eb0dd6ed78ec0ae45959a5970efbd1d"},
    {file = "heatshrink2-0.14.0-cp310-cp310-manylinux2014_x86_64.manylinux_2_17_x86_64.manylinux_2_28_x86_64.whl", hash = "sha256:72b8f6cf17de95776fe49e568d265dd5629cd6d933d2a70539cad82f8c5ca4ff"},
    {file = "heatshrink2-0.14.0-cp310-cp310-musllinux_1_2_aarch64.whl", hash = "sha256:e90653ce1552b1fea41b8a99b6be69ec7ef8d97b324015e27de330d9870ceaff"},
    {file = "heatshrink2-0.14.0-cp310-cp310-musllinux_1_2_armv7l.whl", hash = "sha256:92e4a67275f0af30c145070b7d899722f6ec540017567ff63e213984b9c53066"},
    {file = "heatshrink2-0.14.0-cp310-cp310-musllinux_1_2_x86_64.whl", hash = "sha256:c5f250a71c058be9e1522d51910baa5597511eb7f3410feddf7984b6d5b45aba"},
    {file = "heatshrink2-0.14.0-cp310-cp310-win32.whl", hash = "sha256:78ccdd6b86fb59abfb8ddb63da42f6bfb6ba5b686fe13fd4fce9e53df5ddbfef"},
    {file = "heatshrink2-0.14.0-cp310-cp310-win_amd64.whl", hash = "sha256:63a4c423723cd27c3838e87d00d6e87c061672471a9dd46e597cf0cb44d7bcf2"},
    {file = "heatshrink2-0.14.0-cp310-cp310-win_arm64.whl", hash = "sha256:55f8231d784ed0d27fdd83a5161dbae55de26f2586a3322fda21963efb0f8063"},
    {file = "heatshrink2-0.14.0-cp311-cp311-macosx_10_9_x86_64.whl", hash = "sha256:828a0b79c3e51c139f630feb705bed5a48580ce1cc5e17711c08e4c133800dc8"},
    {file = "heatshrink2-0.14.0-cp311-cp311-macosx_11_0_arm64.whl", hash = "sha256:a97f50fedb266a6afbb2d83c64b6e7833a20ecfc2605d367bbf7e1d234feae9e"},
    {file = "heatshrink2-0.14.0-cp311-cp311-manylinux2014_aarch64.manylinux_2_17_aarch64.manylinux_2_28_aarch64.whl", hash = "sha256:a5bbb2de3656b125367b466e310db9971c11734714b3856763634c7a7a29960c"},
    {file = "heatshrink2-0.14.0-cp311-cp311-manylinux2014_armv7l.manylinux_2_17_armv7l.manylinux_2_31_armv7l.whl", hash = "sha256:01341de16d0a566e5d4527ff6fdde3c6d6b399bb42256007ccb9f1538e4e0600"},
    {file = "heatshrink2-0.14.0-cp311-cp311-manylinux2014_x86_64.manylinux_2_17_x86_64.manylinux_2_28_x86_64.whl", hash = "sha256:6625bbef00e2fb404efb6613cf897f45043d1c256f17cdf2435e74fbaf56a5d0"},
    {file = "heatshrink2-0.14.0-cp311-cp311-musllinux_1_2_aarch64.whl", hash = "sha256:0525bbbfb2f1139a9dde09bb67a2ad0a3f1be6de95a7d072b47adae5ec072d66"},
    {file = "heatshrink2-0.14.0-cp311-cp311-musllinux_1_2_armv7l.whl", hash = "sha256:4744545a7756c81f03d1b07821ebf37edeb4423c292d17cfc9c4551dae546ac0"},
    {file = "heatshrink2-0.14.0-cp311-cp311-musllinux_1_2_x86_64.whl", hash = "sha256:23692ceb2a6123f12adb94414f9906cbd5f2f0496a4b3be6d2fd225fae372872"},
    {file = "heatshrink2-0.14.0-cp311-cp311-win32.whl", hash = "sha256:37bb5f5aa3475926d7c223b1adf1522b813643b6d509d9a99294d42f3b3d91e8"},
    {file = "heatshrink2-0.14.0-cp311-cp311-win_amd64.whl", hash = "sha256:36a28b524d50029132b836281f8a705aeaf433a32ae29c1ed045f7d16ed3aa49"},
    {file = "heatshrink2-0.14.0-cp311-cp311-win_arm64.whl", hash = "sha256:635b106676debe9f326cbf71bbf403108067b1cc0ec7e616826e7262f0931daf"},
    {file = "heatshrink2-0.14.0-cp312-cp312-macosx_10_13_x86_64.whl", hash = "sha256:4c07b460ef66397284fc6f188662904f6f9a7cce6b25aaa2e7774e7b7fbf03fd"},
    {file = "heatshrink2-0.14.0-cp312-cp312-macosx_11_0_arm64.whl", hash = "sha256:6dda905a7157ca25d9bcaccd1c10e24154493bf13b348165dec1e509cf318e98"},
    {file = "heatshrink2-0.14.0-cp312-cp312-manylinux2014_aarch64.manylinux_2_17_aarch64.manylinux_2_28_aarch64.whl", hash = "sha256:e76cb65216d424de931391f42519ef94db837c04b3094950b8c406fa943ad7eb"},
    {file = "heatshrink2-0.14.0-cp312-cp312-manylinux2014_armv7l.manylinux_2_17_armv7l.manylinux_2_31_armv7l.whl", hash = "sha256:d15e75a82fb85c3c0677f1a035ef6d3d06a734a89b0631ff6b3a039926998cea"},
    {file = "heatshrink2-0.14.0-cp312-cp312-manylinux2014_x86_64.manylinux_2_17_x86_64.manylinux_2_28_x86_64.whl", hash = "sha256:71dbbe1d9fbfd541cf8fdeee09b28d6171c6842c0cbedb389214cb3edc968285"},
    {file = "heatshrink2-0.14.0-cp312-cp312-musllinux_1_2_aarch64.whl", hash = "sha256:97e9c0c4ad8d36b81bf2cce4c7accd6b05375a6b24a9c195062b48d49fee6e6d"},
    {file = "heatshrink2-0.14.0-cp312-cp312-musllinux_1_2_armv7l.whl", hash = "sha256:cef8abeb565c967e03c3407d693e5aa02d61a0f151ec7d65114e6b857d42f075"},
    {file = "heatshrink2-0.14.0-cp312-cp312-musllinux_1_2_x86_64.whl", hash = "sha256:eb9961f2d650a274f98c16341cc04cffa46899bfd6df3bb10d05a0b26e485e14"},
    {file = "heatshrink2-0.14.0-cp312-cp312-win32.whl", hash = "sha256:ff06f081e141dd757e40871672f9047af8e9a84d17bdc9e39e66a00051843c8a"},
    {file = "heatshrink2-0.14.0-cp312-cp312-win_amd64.whl", hash = "sha256:e222be6199921c424afa8f75a323c5b1d53b5e83ae1d4b0e92f7012b51ec4eb3"},
    {file = "heatshrink2-0.14.0-cp312-cp312-win_arm64.whl", hash = "sha256:99fdf05e87c626e6d9be9342d7e3d6aee1f87b1a7cba29e607425aa6390c1885"},
    {file = "heatshrink2-0.14.0-cp313-cp313-macosx_10_13_x86_64.whl", hash = "sha256:d9533aac340b704a6b4d6357601e4fedaff942fd52e446bdbad9f902074ae23a"},
    {file = "heatshrink2-0.14.0-cp313-cp313-macosx_11_0_arm64.whl", hash = "sha256:cf62c94d80be3e8c72f6ee32df0b8a1cab9f0700e6349f9b71db32de68088ff1"},
    {file = "heatshrink2-0.14.0-cp313-cp313-manylinux2014_aarch64.manylinux_2_17_aarch64.manylinux_2_28_aarch64.whl", hash = "sha256:b81641c55d5b4140fd6e10084976ebba0c9bd6d7f83c265ac4f006260b97136b"},
    {file = "heatshrink2-0.14.0-cp313-cp313-manylinux2014_armv7l.manylinux_2_17_armv7l.manylinux_2_31_armv7l.whl", hash = "sha256:0b19a15014b70d5cab80d2589a68bebfb76cfdbb371965dcf5a92ebd8297b550"},
    {file = "heatshrink2-0.14.0-cp313-cp313-manylinux2014_x86_64.manylinux_2_17_x86_64.manylinux_2_28_x86_64.whl", hash = "sha256:48b8d31f346b08e6f1ca6bef4745ca096a54d04387d1d8f6421b63750205ef06"},
    {file = "heatshrink2-0.14.0-cp313-cp313-musllinux_1_2_aarch64.whl", hash = "sha256:a2e511a09b7c052370710451d515f3f47d72399b459c014d0c92592180dffbb7"},
    {file = "heatshrink2-0.14.0-cp313-cp313-musllinux_1_2_armv7l.whl", hash = "sha256:dccbf107a3be8c4c97c89ffda6de6c2d51e7054296dc2c59dfa5fc3e98626540"},
    {file = "heatshrink2-0.14.0-cp313-cp313-musllinux_1_2_x86_64.whl", hash = "sha256:193ad84a0bd3cc1fc6ca4e7009e4bfc33a44a903982f546b01ce93b3e4e11520"},
    {file = "heatshrink2-0.14.0-cp313-cp313-win32.whl", hash = "sha256:9afe453d3126876d34f6dd7398f7fd0511de808ecb3056ed7f08d8c197b90e48"},
    {file = "heatshrink2-0.14.0-cp313-cp313-win_amd64.whl", hash = "sha256:87d7518f6224731dc6f28be8a2a096237ea2d48fe57750aaff0f086cb1b8ebbd"},
    {file = "heatshrink2-0.14.0-cp313-cp313-win_arm64.whl", hash = "sha256:9a81600427719680b51bb1c3d52e710d29242236eaabba2e7a0d6d3d4e7e7eeb"},
    {file = "heatshrink2-0.14.0-cp314-cp314-macosx_10_15_x86_64.whl", hash = "sha256:b056a28ec0611d784b031766097263247a1b4252da33f334b4569a8d7189e3f9"},
    {file = "heatshrink2-0.14.0-cp314-cp314-macosx_11_0_arm64.whl", hash = "sha256:ad643148933d7d9fcbd53e9018d18e6b9bc49dcb4d1dc7e9239cdbaef0d077c7"},
    {file = "heatshrink2-0.14.0-cp314-cp314-manylinux2014_aarch64.manylinux_2_17_aarch64.manylinux_2_28_aarch64.whl", hash = "sha256:3758f97aa79deb3e3e08a7f6af15df1d4ce0a6cf71a3b8f5f35bf6f98564399b"},
    {file = "heatshrink2-0.14.0-cp314-cp314-manylinux2014_armv7l.manylinux_2_17_armv7l.manylinux_2_31_armv7l.whl", hash = "sha256:d392f03841f9cd49c4e6b7382991ff4efd40469d973650331d13810780a4edb3"},
    {file = "heatshrink2-0.14.0-cp314-cp314-manylinux2014_x86_64.manylinux_2_17_x86_64.manylinux_2_28_x86_64.whl", hash = "sha256:9542bf76f5462f9e2853f91ec0899013b4e8f923a97e87a7b6533c657e11f819"},
    {file = "heatshrink2-0.14.0-cp314-cp314-musllinux_1_2_aarch64.whl", hash = "sha256:93821ca2e1e4ba8d3a7056475be62f7a96915547b17b83c131fe18b5cd90bf5f"},
    {file = "heatshrink2-0.14.0-cp314-cp314-musllinux_1_2_armv7l.whl", hash = "sha256:ca5680aa9c1479485ab6c750c76d57e59fe3e9e776ae732788fcc260609e563c"},
    {file = "heatshrink2-0.14.0-cp314-cp314-musllinux_1_2_x86_64.whl", hash = "sha256:f6114f2818a49b9a8e718db5d12156536bd40e85d17a047ae56766ca7097610b"},
    {file = "heatshrink2-0.14.0-cp314-cp314-win32.whl", hash = "sha256:0a9495f67cf8b3b925d160aba38b2adacb8e65da6354505139a976b203a39ed7"},
    {file = "heatshrink2-0.14.0-cp314-cp314-win_amd64.whl", hash = "sha256:0bbd10bccac410042d15be2ee9b559990abb4366f3b080ab9a1067604817a8e2"},
    {file = "heatshrink2-0.14.0-cp314-cp314-win_arm64.whl", hash = "sha256:db814ac1b98e68062a26dbe734fcba9e14d83c023f7a0f6cb58dcebed229e43c"},
    {file = "heatshrink2-0.14.0-cp314-cp314t-macosx_10_15_x86_64.whl", hash = "sha256:2c990c42f5e6b5f5d004d52ba200dd13ba193b4631785fcbdf029411e5aeddbb"},
    {file = "heatshrink2-0.14.0-cp314-cp314t-macosx_11_0_arm64.whl", hash = "sha256:60607e78c851da16fd728c40af66c965a5f00c44f67c95f960b79bbc882b79b6"},
    {file = "heatshrink2-0.14.0-cp314-cp314t-manylinux2014_aarch64.manylinux_2_17_aarch64.manylinux_2_28_aarch64.whl", hash = "sha256:357c44fcfffccca26662044e3dfe8da628a35f45d702cfcca49b64bd8d4a2e23"},
    {file = "heatshrink2-0.14.0-cp314-cp314t-manylinux2014_armv7l.manylinux_2_17_armv7l.manylinux_2_31_armv7l.whl", hash = "sha256:388ef3aa49d24df46278b1e67b8d9e2acd57d40c7032f75e012a825e396a5c20"},
    {file = "heatshrink2-0.14.0-cp314-cp314t-manylinux2014_x86_64.manylinux_2_17_x86_64.manylinux_2_28_x86_64.whl", hash = "sha256:6fbdc561db5c4e2a2a84cec5785522112c4ff3dacd2e2be653d1fe977ef2b0a5"},
    {file = "heatshrink2-0.14.0-cp314-cp314t-musllinux_1_2_aarch64.whl", hash = "sha256:e4453f3f7a27a53c3faa65e257c7ae325a90cb3a603ae4c14dacdb2acdc5ca4f"},
    {file = "heatshrink2-0.14.0-cp314-cp314t-musllinux_1_2_armv7l.whl", hash = "sha256:2750788ec1c6d0f382a1ab74d785ae5dd99937969780aa80fe2a59c28efee9b0"},
    {file = "heatshrink2-0.14.0-cp314-cp314t-musllinux_1_2_x86_64.whl", hash = "sha256:403e592231aed64ba856b74751d68b51d53255decbae3acc6946e081aebf4a19"},
    {file = "heatshrink2-0.14.0-cp314-cp314t-win32.whl", hash = "sha256:a220e0ffa4ffa439ed78c5b18d103700ffe7a40d72bcf1f5a780d457c0997f55"},
    {file = "heatshrink2-0.14.0-cp314-cp314t-win_amd64.whl", hash = "sha256:7e2782a2842d4c4639f4a50d2856a266a279cb043c44edc66398112c2249002c"},
    {file = "heatshrink2-0.14.0-cp314-cp314t-win_arm64.whl", hash = "sha256:d5e788f711a97a2007141dcb964ea32b872808d893e59f171323f6ea76326a9d"},
    {file = "heatshrink2-0.14.0-cp38-cp38-macosx_10_9_x86_64.whl", hash = "sha256:bf53bb20c4edf243334e839567760f9eb98169363b23d4b683b18010e43dffa3"},
    {file = "heatshrink2-0.14.0-cp38-cp38-macosx_11_0_arm64.whl", hash = "sha256:b2ec653d53e3c01f8a5f8385f1fe5a8660df40f65435236ead9a5b8e86b8b469"},
    {file = "heatshrink2-0.14.0-cp38-cp38-manylinux2014_aarch64.manylinux_2_17_aarch64.manylinux_2_28_aarch64.whl", hash = "sha256:c5e8acf1f72d80e16773dd7df781db5a3b793e3b5df8a4ccf611864bcd1d445d"},
    {file = "heatshrink2-0.14.0-cp38-cp38-manylinux2014_armv7l.manylinux_2_17_armv7l.manylinux_2_31_armv7l.whl", hash = "sha256:820d716c82f09255aafc3a5ddac7c966c61f5b843234e01addb14337df819256"},
    {file = "heatshrink2-0.14.0-cp38-cp38-manylinux2014_x86_64.manylinux_2_17_x86_64.manylinux_2_28_x86_64.whl", hash = "sha256:f9dff7881599fc2b2b634c2e7826926fb056ab61e8d29c772b624e7e77c0f07a"},
    {file = "heatshrink2-0.14.0-cp38-cp38-musllinux_1_2_aarch64.whl", hash = "sha256:a70c1d4985f1cdd58f3f6728960b8e6392d1aeb99c41c312e4003df0beb0ac27"},
    {file = "heatshrink2-0.14.0-cp38-cp38-musllinux_1_2_armv7l.whl", hash = "sha256:5fc5b2cac5c052908210ab93837b2b465bb6f22e9d4d9245cf98a1c90749f936"},
    {file = "heatshrink2-0.14.0-cp38-cp38-musllinux_1_2_x86_64.whl", hash = "sha256:9b8e5623a23fdc368728615ef290a6646dbac159afafbc782a9605b868a0bf7d"},
    {file = "heatshrink2-0.14.0-cp38-cp38-win32.whl", hash = "sha256:7a00b883a7289a6649a1ebb8c5eac0e3da061fa2332e0d01321856d7cc92df6f"},
    {file = "heatshrink2-0.14.0-cp38-cp38-win_amd64.whl", hash = "sha256:9566d74fb33b5ee85e83136e6a856be4448be6d4f2a5f63d53c7a1c67513d8c2"},
    {file = "heatshrink2-0.14.0-cp39-cp39-macosx_10_9_x86_64.whl", hash = "sha256:0f56c71e695716a3c8b085cefb0e6e7d01e70a70db0d7cbf63e53c0d3287ce22"},
    {file = "heatshrink2-0.14.0-cp39-cp39-macosx_11_0_arm64.whl", hash = "sha256:2faf706674efc1503e8389a3f1afac412aa109bb1a76243955e4e36f263e7b6f"},
    {file = "heatshrink2-0.14.0-cp39-cp39-manylinux2014_aarch64.manylinux_2_17_aarch64.manylinux_2_28_aarch64.whl", hash = "sha256:7f68c9a0075867b5931b80d856ca4260b18b5e5e3395dfecbf41de582b7c533a"},
    {file = "heatshrink2-0.14.0-cp39-cp39-manylinux2014_armv7l.manylinux_2_17_armv7l.manylinux_2_31_armv7l.whl", hash = "sha256:9ce49c75cf9d4c0437913a75db0753b2aed3d4809d9467b6de3039b8e5eb5645"},
    {file = "heatshrink2-0.14.0-cp39-cp39-manylinux2014_x86_64.manylinux_2_17_x86_64.manylinux_2_28_x86_64.whl", hash = "sha256:71d15bcbdd02c83f925086c949b883f1b6c387bea579de6129a771d936ddc4b8"},
    {file = "heatshrink2-0.14.0-cp39-cp39-musllinux_1_2_aarch64.whl", hash = "sha256:0f6e85e78c2a501b6a5edb2cc7ad491432728ec747484d728b7ac5a1f57d6caa"},
    {file = "heatshrink2-0.14.0-cp39-cp39-musllinux_1_2_armv7l.whl", hash = "sha256:6dbf14ef0be2a37b8ecbb4f87bf055620cc015d306fc317f0c6643802143d97c"},
    {file = "heatshrink2-0.14.0-cp39-cp39-musllinux_1_2_x86_64.whl", hash = "sha256:ca60e7fb0aa5e71bf3ec5cd7c3aabcaf595b73d5a184da407fb50438445dc321"},
    {file = "heatshrink2-0.14.0-cp39-cp39-win32.whl", hash = "sha256:e59826f549afb7cfb979659906e98b2af205d79fd363f2645155a97995a6f6e9"},
    {file = "heatshrink2-0.14.0-cp39-cp39-win_amd64.whl", hash = "sha256:2f9081cacfa3242c91caf5ae63dff5a98502de9b0ffa24570f4df8c003f4d275"},
    {file = "heatshrink2-0.14.0-cp39-cp39-win_arm64.whl", hash = "sha256:bf4a6c891102d9f7bcd2ef79c869990857361bec75965527ed30c23b550f773b"},
    {file = "heatshrink2-0.14.0.tar.gz", hash = "sha256:69f5e0e7b8c90ca0a321ef19170f997b29b83e6bf5fcd8a57ef20587ba0c047b"},
]

[[package]]
name = "pyserial"
version = "3.5"
description = "Python Serial Port Extension"
optional = false
python-versions = "*"
groups = ["main"]
files = [
    {file = "pyserial-3.5-py2.py3-none-any.whl", hash = "sha256:c4451db6ba391ca6ca299fb3ec7bae67a5c55dde170964c7a14ceefec02f2cf0"},
    {file = "pyserial-3.5.tar.gz", hash = "sha256:3c77e014170dfffbd816e6ffc205e9842efb10be9f58ec16d3e8675b4925cddb"},
]

[package.extras]
cp2110 = ["hidapi"]

[metadata]
lock-version = "2.1"
python-versions = ">=3.11"
content-hash = "ea291c89eacb544aa5b19e2941bc3772f97fbfbd9e6e682ed6f235d6aef3c607"
